
Microsoft Visual Studio Solution File, Format Version 12.00
# Visual Studio Version 16
VisualStudioVersion = 16.0.30204.135
MinimumVisualStudioVersion = 10.0.40219.1
Project("{FAE04EC0-301F-11D3-BF4B-00C04F79EFBC}") = "xml2rfax", "xml2rfax.csproj", "{34C33856-65AF-47B1-B66D-9DF959B81427}"
EndProject
Global
	GlobalSection(SolutionConfigurationPlatforms) = preSolution
		Debug|Any CPU = Debug|Any CPU
		Release|Any CPU = Release|Any CPU
	EndGlobalSection
	GlobalSection(ProjectConfigurationPlatforms) = postSolution
		{34C33856-65AF-47B1-B66D-9DF959B81427}.Debug|Any CPU.ActiveCfg = Release|Any CPU
		{34C33856-65AF-47B1-B66D-9DF959B81427}.Debug|Any CPU.Build.0 = Release|Any CPU
		{34C33856-65AF-47B1-B66D-9DF959B81427}.Release|Any CPU.ActiveCfg = Release|Any CPU
		{34C33856-65AF-47B1-B66D-9DF959B81427}.Release|Any CPU.Build.0 = Release|Any CPU
	EndGlobalSection
	GlobalSection(SolutionProperties) = preSolution
		HideSolutionNode = FALSE
	EndGlobalSection
	GlobalSection(ExtensibilityGlobals) = postSolution
		SolutionGuid = {BC3C2370-3574-44DA-8A4A-BDBDC4FBF95B}
	EndGlobalSection
EndGlobal
